
Microsoft Visual Studio Solution File, Format Version 12.00
# Visual Studio Version 16
VisualStudioVersion = 16.0.29709.97
MinimumVisualStudioVersion = 10.0.40219.1
Project("{FAE04EC0-301F-11D3-BF4B-00C04F79EFBC}") = "TollTaxCalculationWebApi", "AssignmentBD\TollTaxCalculationWebApi.csproj", "{42D03697-241E-4CAB-BA44-58AFF019CFBA}"
EndProject
Global
	GlobalSection(SolutionConfigurationPlatforms) = preSolution
		Debug|Any CPU = Debug|Any CPU
		Release|Any CPU = Release|Any CPU
	EndGlobalSection
	GlobalSection(ProjectConfigurationPlatforms) = postSolution
		{42D03697-241E-4CAB-BA44-58AFF019CFBA}.Debug|Any CPU.ActiveCfg = Debug|Any CPU
		{42D03697-241E-4CAB-BA44-58AFF019CFBA}.Debug|Any CPU.Build.0 = Debug|Any CPU
		{42D03697-241E-4CAB-BA44-58AFF019CFBA}.Release|Any CPU.ActiveCfg = Release|Any CPU
		{42D03697-241E-4CAB-BA44-58AFF019CFBA}.Release|Any CPU.Build.0 = Release|Any CPU
	EndGlobalSection
	GlobalSection(SolutionProperties) = preSolution
		HideSolutionNode = FALSE
	EndGlobalSection
	GlobalSection(ExtensibilityGlobals) = postSolution
		SolutionGuid = {04E38DEF-ADAB-4FB5-A78C-52F537C7C00E}
	EndGlobalSection
EndGlobal
